// !$*UTF8*$!
{
	archiveVersion = 1;
	classes = {
	};
	objectVersion = 50;
	objects = {

/* Begin PBXBuildFile section */
		1F2790AC2387C0AE001C723B /* DarkModeView.swift in Sources */ = {isa = PBXBuildFile; fileRef = 1F2790AB2387C0AE001C723B /* DarkModeView.swift */; };
		1F6B663F23851C9E00ACF699 /* UIVisualEffectViewController.swift in Sources */ = {isa = PBXBuildFile; fileRef = 1F6B663E23851C9E00ACF699 /* UIVisualEffectViewController.swift */; };
		1F6B6641238539B300ACF699 /* iPhone11.png in Resources */ = {isa = PBXBuildFile; fileRef = 1F6B6640238539B300ACF699 /* iPhone11.png */; };
		1F8CF55F237C6CCA006557F1 /* AppDelegate.swift in Sources */ = {isa = PBXBuildFile; fileRef = 1F8CF55E237C6CCA006557F1 /* AppDelegate.swift */; };
		1F8CF561237C6CCA006557F1 /* SceneDelegate.swift in Sources */ = {isa = PBXBuildFile; fileRef = 1F8CF560237C6CCA006557F1 /* SceneDelegate.swift */; };
		1F8CF563237C6CCA006557F1 /* SFSymbolsView.swift in Sources */ = {isa = PBXBuildFile; fileRef = 1F8CF562237C6CCA006557F1 /* SFSymbolsView.swift */; };
		1F8CF565237C6CCD006557F1 /* Assets.xcassets in Resources */ = {isa = PBXBuildFile; fileRef = 1F8CF564237C6CCD006557F1 /* Assets.xcassets */; };
		1F8CF568237C6CCD006557F1 /* Preview Assets.xcassets in Resources */ = {isa = PBXBuildFile; fileRef = 1F8CF567237C6CCD006557F1 /* Preview Assets.xcassets */; };
		1F8CF56B237C6CCD006557F1 /* LaunchScreen.storyboard in Resources */ = {isa = PBXBuildFile; fileRef = 1F8CF569237C6CCD006557F1 /* LaunchScreen.storyboard */; };
		1F8CF578237C6D9E006557F1 /* UIDynamicColorViewController.swift in Sources */ = {isa = PBXBuildFile; fileRef = 1F8CF577237C6D9E006557F1 /* UIDynamicColorViewController.swift */; };
		1FC2D85A238650F1004FBA6B /* RootViewController.swift in Sources */ = {isa = PBXBuildFile; fileRef = 1FC2D859238650F1004FBA6B /* RootViewController.swift */; };
		1FD2874E2387CC380014EE58 /* CustomColorView.swift in Sources */ = {isa = PBXBuildFile; fileRef = 1FD2874D2387CC380014EE58 /* CustomColorView.swift */; };
		1FD287502387CCF50014EE58 /* CustomImageView.swift in Sources */ = {isa = PBXBuildFile; fileRef = 1FD2874F2387CCF50014EE58 /* CustomImageView.swift */; };
		1FD287522387E51C0014EE58 /* CALayerViewController.swift in Sources */ = {isa = PBXBuildFile; fileRef = 1FD287512387E51C0014EE58 /* CALayerViewController.swift */; };
/* End PBXBuildFile section */

/* Begin PBXFileReference section */
		1F2790AB2387C0AE001C723B /* DarkModeView.swift */ = {isa = PBXFileReference; lastKnownFileType = sourcecode.swift; path = DarkModeView.swift; sourceTree = "<group>"; };
		1F6B663E23851C9E00ACF699 /* UIVisualEffectViewController.swift */ = {isa = PBXFileReference; lastKnownFileType = sourcecode.swift; path = UIVisualEffectViewController.swift; sourceTree = "<group>"; };
		1F6B6640238539B300ACF699 /* iPhone11.png */ = {isa = PBXFileReference; lastKnownFileType = image.png; path = iPhone11.png; sourceTree = "<group>"; };
		1F8CF55B237C6CCA006557F1 /* DarkMode.app */ = {isa = PBXFileReference; explicitFileType = wrapper.application; includeInIndex = 0; path = DarkMode.app; sourceTree = BUILT_PRODUCTS_DIR; };
		1F8CF55E237C6CCA006557F1 /* AppDelegate.swift */ = {isa = PBXFileReference; lastKnownFileType = sourcecode.swift; path = AppDelegate.swift; sourceTree = "<group>"; };
		1F8CF560237C6CCA006557F1 /* SceneDelegate.swift */ = {isa = PBXFileReference; lastKnownFileType = sourcecode.swift; path = SceneDelegate.swift; sourceTree = "<group>"; };
		1F8CF562237C6CCA006557F1 /* SFSymbolsView.swift */ = {isa = PBXFileReference; lastKnownFileType = sourcecode.swift; path = SFSymbolsView.swift; sourceTree = "<group>"; };
		1F8CF564237C6CCD006557F1 /* Assets.xcassets */ = {isa = PBXFileReference; lastKnownFileType = folder.assetcatalog; path = Assets.xcassets; sourceTree = "<group>"; };
		1F8CF567237C6CCD006557F1 /* Preview Assets.xcassets */ = {isa = PBXFileReference; lastKnownFileType = folder.assetcatalog; path = "Preview Assets.xcassets"; sourceTree = "<group>"; };
		1F8CF56A237C6CCD006557F1 /* Base */ = {isa = PBXFileReference; lastKnownFileType = file.storyboard; name = Base; path = Base.lproj/LaunchScreen.storyboard; sourceTree = "<group>"; };
		1F8CF56C237C6CCD006557F1 /* Info.plist */ = {isa = PBXFileReference; lastKnownFileType = text.plist.xml; path = Info.plist; sourceTree = "<group>"; };
		1F8CF577237C6D9E006557F1 /* UIDynamicColorViewController.swift */ = {isa = PBXFileReference; lastKnownFileType = sourcecode.swift; path = UIDynamicColorViewController.swift; sourceTree = "<group>"; };
		1FC2D859238650F1004FBA6B /* RootViewController.swift */ = {isa = PBXFileReference; lastKnownFileType = sourcecode.swift; path = RootViewController.swift; sourceTree = "<group>"; };
		1FD2874D2387CC380014EE58 /* CustomColorView.swift */ = {isa = PBXFileReference; lastKnownFileType = sourcecode.swift; path = CustomColorView.swift; sourceTree = "<group>"; };
		1FD2874F2387CCF50014EE58 /* CustomImageView.swift */ = {isa = PBXFileReference; lastKnownFileType = sourcecode.swift; path = CustomImageView.swift; sourceTree = "<group>"; };
		1FD287512387E51C0014EE58 /* CALayerViewController.swift */ = {isa = PBXFileReference; lastKnownFileType = sourcecode.swift; path = CALayerViewController.swift; sourceTree = "<group>"; };
/* End PBXFileReference section */

/* Begin PBXFrameworksBuildPhase section */
		1F8CF558237C6CCA006557F1 /* Frameworks */ = {
			isa = PBXFrameworksBuildPhase;
			buildActionMask = 2147483647;
			files = (
			);
			runOnlyForDeploymentPostprocessing = 0;
		};
/* End PBXFrameworksBuildPhase section */

/* Begin PBXGroup section */
		1F8CF552237C6CCA006557F1 = {
			isa = PBXGroup;
			children = (
				1F8CF55D237C6CCA006557F1 /* DarkMode */,
				1F8CF55C237C6CCA006557F1 /* Products */,
			);
			sourceTree = "<group>";
		};
		1F8CF55C237C6CCA006557F1 /* Products */ = {
			isa = PBXGroup;
			children = (
				1F8CF55B237C6CCA006557F1 /* DarkMode.app */,
			);
			name = Products;
			sourceTree = "<group>";
		};
		1F8CF55D237C6CCA006557F1 /* DarkMode */ = {
			isa = PBXGroup;
			children = (
				1FC2D859238650F1004FBA6B /* RootViewController.swift */,
				1F6B6640238539B300ACF699 /* iPhone11.png */,
				1F2790AB2387C0AE001C723B /* DarkModeView.swift */,
				1F8CF577237C6D9E006557F1 /* UIDynamicColorViewController.swift */,
				1FD2874D2387CC380014EE58 /* CustomColorView.swift */,
				1FD2874F2387CCF50014EE58 /* CustomImageView.swift */,
				1F8CF562237C6CCA006557F1 /* SFSymbolsView.swift */,
				1F6B663E23851C9E00ACF699 /* UIVisualEffectViewController.swift */,
				1FD287512387E51C0014EE58 /* CALayerViewController.swift */,
				1F8CF55E237C6CCA006557F1 /* AppDelegate.swift */,
				1F8CF560237C6CCA006557F1 /* SceneDelegate.swift */,
				1F8CF564237C6CCD006557F1 /* Assets.xcassets */,
				1F8CF569237C6CCD006557F1 /* LaunchScreen.storyboard */,
				1F8CF56C237C6CCD006557F1 /* Info.plist */,
				1F8CF566237C6CCD006557F1 /* Preview Content */,
			);
			path = DarkMode;
			sourceTree = "<group>";
		};
		1F8CF566237C6CCD006557F1 /* Preview Content */ = {
			isa = PBXGroup;
			children = (
				1F8CF567237C6CCD006557F1 /* Preview Assets.xcassets */,
			);
			path = "Preview Content";
			sourceTree = "<group>";
		};
/* End PBXGroup section */

/* Begin PBXNativeTarget section */
		1F8CF55A237C6CCA006557F1 /* DarkMode */ = {
			isa = PBXNativeTarget;
			buildConfigurationList = 1F8CF56F237C6CCD006557F1 /* Build configuration list for PBXNativeTarget "DarkMode" */;
			buildPhases = (
				1F8CF557237C6CCA006557F1 /* Sources */,
				1F8CF558237C6CCA006557F1 /* Frameworks */,
				1F8CF559237C6CCA006557F1 /* Resources */,
			);
			buildRules = (
			);
			dependencies = (
			);
			name = DarkMode;
			productName = DarkMode;
			productReference = 1F8CF55B237C6CCA006557F1 /* DarkMode.app */;
			productType = "com.apple.product-type.application";
		};
/* End PBXNativeTarget section */

/* Begin PBXProject section */
		1F8CF553237C6CCA006557F1 /* Project object */ = {
			isa = PBXProject;
			attributes = {
				LastSwiftUpdateCheck = 1120;
				LastUpgradeCheck = 1120;
				ORGANIZATIONNAME = "Алексей";
				TargetAttributes = {
					1F8CF55A237C6CCA006557F1 = {
						CreatedOnToolsVersion = 11.2.1;
					};
				};
			};
			buildConfigurationList = 1F8CF556237C6CCA006557F1 /* Build configuration list for PBXProject "DarkMode" */;
			compatibilityVersion = "Xcode 9.3";
			developmentRegion = en;
			hasScannedForEncodings = 0;
			knownRegions = (
				en,
				Base,
			);
			mainGroup = 1F8CF552237C6CCA006557F1;
			productRefGroup = 1F8CF55C237C6CCA006557F1 /* Products */;
			projectDirPath = "";
			projectRoot = "";
			targets = (
				1F8CF55A237C6CCA006557F1 /* DarkMode */,
			);
		};
/* End PBXProject section */

/* Begin PBXResourcesBuildPhase section */
		1F8CF559237C6CCA006557F1 /* Resources */ = {
			isa = PBXResourcesBuildPhase;
			buildActionMask = 2147483647;
			files = (
				1F6B6641238539B300ACF699 /* iPhone11.png in Resources */,
				1F8CF56B237C6CCD006557F1 /* LaunchScreen.storyboard in Resources */,
				1F8CF568237C6CCD006557F1 /* Preview Assets.xcassets in Resources */,
				1F8CF565237C6CCD006557F1 /* Assets.xcassets in Resources */,
			);
			runOnlyForDeploymentPostprocessing = 0;
		};
/* End PBXResourcesBuildPhase section */

/* Begin PBXSourcesBuildPhase section */
		1F8CF557237C6CCA006557F1 /* Sources */ = {
			isa = PBXSourcesBuildPhase;
			buildActionMask = 2147483647;
			files = (
				1F2790AC2387C0AE001C723B /* DarkModeView.swift in Sources */,
				1FD287502387CCF50014EE58 /* CustomImageView.swift in Sources */,
				1F8CF578237C6D9E006557F1 /* UIDynamicColorViewController.swift in Sources */,
				1F8CF55F237C6CCA006557F1 /* AppDelegate.swift in Sources */,
				1FC2D85A238650F1004FBA6B /* RootViewController.swift in Sources */,
				1F8CF561237C6CCA006557F1 /* SceneDelegate.swift in Sources */,
				1F8CF563237C6CCA006557F1 /* SFSymbolsView.swift in Sources */,
				1F6B663F23851C9E00ACF699 /* UIVisualEffectViewController.swift in Sources */,
				1FD287522387E51C0014EE58 /* CALayerViewController.swift in Sources */,
				1FD2874E2387CC380014EE58 /* CustomColorView.swift in Sources */,
			);
			runOnlyForDeploymentPostprocessing = 0;
		};
/* End PBXSourcesBuildPhase section */

/* Begin PBXVariantGroup section */
		1F8CF569237C6CCD006557F1 /* LaunchScreen.storyboard */ = {
			isa = PBXVariantGroup;
			children = (
				1F8CF56A237C6CCD006557F1 /* Base */,
			);
			name = LaunchScreen.storyboard;
			sourceTree = "<group>";
		};
/* End PBXVariantGroup section */

/* Begin XCBuildConfiguration section */
		1F8CF56D237C6CCD006557F1 /* Debug */ = {
			isa = XCBuildConfiguration;
			buildSettings = {
				ALWAYS_SEARCH_USER_PATHS = NO;
				CLANG_ANALYZER_NONNULL = YES;
				CLANG_ANALYZER_NUMBER_OBJECT_CONVERSION = YES_AGGRESSIVE;
				CLANG_CXX_LANGUAGE_STANDARD = "gnu++14";
				CLANG_CXX_LIBRARY = "libc++";
				CLANG_ENABLE_MODULES = YES;
				CLANG_ENABLE_OBJC_ARC = YES;
				CLANG_ENABLE_OBJC_WEAK = YES;
				CLANG_WARN_BLOCK_CAPTURE_AUTORELEASING = YES;
				CLANG_WARN_BOOL_CONVERSION = YES;
				CLANG_WARN_COMMA = YES;
				CLANG_WARN_CONSTANT_CONVERSION = YES;
				CLANG_WARN_DEPRECATED_OBJC_IMPLEMENTATIONS = YES;
				CLANG_WARN_DIRECT_OBJC_ISA_USAGE = YES_ERROR;
				CLANG_WARN_DOCUMENTATION_COMMENTS = YES;
				CLANG_WARN_EMPTY_BODY = YES;
				CLANG_WARN_ENUM_CONVERSION = YES;
				CLANG_WARN_INFINITE_RECURSION = YES;
				CLANG_WARN_INT_CONVERSION = YES;
				CLANG_WARN_NON_LITERAL_NULL_CONVERSION = YES;
				CLANG_WARN_OBJC_IMPLICIT_RETAIN_SELF = YES;
				CLANG_WARN_OBJC_LITERAL_CONVERSION = YES;
				CLANG_WARN_OBJC_ROOT_CLASS = YES_ERROR;
				CLANG_WARN_RANGE_LOOP_ANALYSIS = YES;
				CLANG_WARN_STRICT_PROTOTYPES = YES;
				CLANG_WARN_SUSPICIOUS_MOVE = YES;
				CLANG_WARN_UNGUARDED_AVAILABILITY = YES_AGGRESSIVE;
				CLANG_WARN_UNREACHABLE_CODE = YES;
				CLANG_WARN__DUPLICATE_METHOD_MATCH = YES;
				COPY_PHASE_STRIP = NO;
				DEBUG_INFORMATION_FORMAT = dwarf;
				ENABLE_STRICT_OBJC_MSGSEND = YES;
				ENABLE_TESTABILITY = YES;
				GCC_C_LANGUAGE_STANDARD = gnu11;
				GCC_DYNAMIC_NO_PIC = NO;
				GCC_NO_COMMON_BLOCKS = YES;
				GCC_OPTIMIZATION_LEVEL = 0;
				GCC_PREPROCESSOR_DEFINITIONS = (
					"DEBUG=1",
					"$(inherited)",
				);
				GCC_WARN_64_TO_32_BIT_CONVERSION = YES;
				GCC_WARN_ABOUT_RETURN_TYPE = YES_ERROR;
				GCC_WARN_UNDECLARED_SELECTOR = YES;
				GCC_WARN_UNINITIALIZED_AUTOS = YES_AGGRESSIVE;
				GCC_WARN_UNUSED_FUNCTION = YES;
				GCC_WARN_UNUSED_VARIABLE = YES;
				IPHONEOS_DEPLOYMENT_TARGET = 13.2;
				MTL_ENABLE_DEBUG_INFO = INCLUDE_SOURCE;
				MTL_FAST_MATH = YES;
				ONLY_ACTIVE_ARCH = YES;
				SDKROOT = iphoneos;
				SWIFT_ACTIVE_COMPILATION_CONDITIONS = DEBUG;
				SWIFT_OPTIMIZATION_LEVEL = "-Onone";
			};
			name = Debug;
		};
		1F8CF56E237C6CCD006557F1 /* Release */ = {
			isa = XCBuildConfiguration;
			buildSettings = {
				ALWAYS_SEARCH_USER_PATHS = NO;
				CLANG_ANALYZER_NONNULL = YES;
				CLANG_ANALYZER_NUMBER_OBJECT_CONVERSION = YES_AGGRESSIVE;
				CLANG_CXX_LANGUAGE_STANDARD = "gnu++14";
				CLANG_CXX_LIBRARY = "libc++";
				CLANG_ENABLE_MODULES = YES;
				CLANG_ENABLE_OBJC_ARC = YES;
				CLANG_ENABLE_OBJC_WEAK = YES;
				CLANG_WARN_BLOCK_CAPTURE_AUTORELEASING = YES;
				CLANG_WARN_BOOL_CONVERSION = YES;
				CLANG_WARN_COMMA = YES;
				CLANG_WARN_CONSTANT_CONVERSION = YES;
				CLANG_WARN_DEPRECATED_OBJC_IMPLEMENTATIONS = YES;
				CLANG_WARN_DIRECT_OBJC_ISA_USAGE = YES_ERROR;
				CLANG_WARN_DOCUMENTATION_COMMENTS = YES;
				CLANG_WARN_EMPTY_BODY = YES;
				CLANG_WARN_ENUM_CONVERSION = YES;
				CLANG_WARN_INFINITE_RECURSION = YES;
				CLANG_WARN_INT_CONVERSION = YES;
				CLANG_WARN_NON_LITERAL_NULL_CONVERSION = YES;
				CLANG_WARN_OBJC_IMPLICIT_RETAIN_SELF = YES;
				CLANG_WARN_OBJC_LITERAL_CONVERSION = YES;
				CLANG_WARN_OBJC_ROOT_CLASS = YES_ERROR;
				CLANG_WARN_RANGE_LOOP_ANALYSIS = YES;
				CLANG_WARN_STRICT_PROTOTYPES = YES;
				CLANG_WARN_SUSPICIOUS_MOVE = YES;
				CLANG_WARN_UNGUARDED_AVAILABILITY = YES_AGGRESSIVE;
				CLANG_WARN_UNREACHABLE_CODE = YES;
				CLANG_WARN__DUPLICATE_METHOD_MATCH = YES;
				COPY_PHASE_STRIP = NO;
				DEBUG_INFORMATION_FORMAT = "dwarf-with-dsym";
				ENABLE_NS_ASSERTIONS = NO;
				ENABLE_STRICT_OBJC_MSGSEND = YES;
				GCC_C_LANGUAGE_STANDARD = gnu11;
				GCC_NO_COMMON_BLOCKS = YES;
				GCC_WARN_64_TO_32_BIT_CONVERSION = YES;
				GCC_WARN_ABOUT_RETURN_TYPE = YES_ERROR;
				GCC_WARN_UNDECLARED_SELECTOR = YES;
				GCC_WARN_UNINITIALIZED_AUTOS = YES_AGGRESSIVE;
				GCC_WARN_UNUSED_FUNCTION = YES;
				GCC_WARN_UNUSED_VARIABLE = YES;
				IPHONEOS_DEPLOYMENT_TARGET = 13.2;
				MTL_ENABLE_DEBUG_INFO = NO;
				MTL_FAST_MATH = YES;
				SDKROOT = iphoneos;
				SWIFT_COMPILATION_MODE = wholemodule;
				SWIFT_OPTIMIZATION_LEVEL = "-O";
				VALIDATE_PRODUCT = YES;
			};
			name = Release;
		};
		1F8CF570237C6CCD006557F1 /* Debug */ = {
			isa = XCBuildConfiguration;
			buildSettings = {
				ASSETCATALOG_COMPILER_APPICON_NAME = AppIcon;
				CODE_SIGN_STYLE = Automatic;
				DEVELOPMENT_ASSET_PATHS = "\"DarkMode/Preview Content\"";
				DEVELOPMENT_TEAM = WGHW255BW8;
				ENABLE_PREVIEWS = YES;
				INFOPLIST_FILE = DarkMode/Info.plist;
				LD_RUNPATH_SEARCH_PATHS = (
					"$(inherited)",
					"@executable_path/Frameworks",
				);
				PRODUCT_BUNDLE_IDENTIFIER = com.korgy.DarkMode;
				PRODUCT_NAME = "$(TARGET_NAME)";
				SWIFT_VERSION = 5.0;
				TARGETED_DEVICE_FAMILY = "1,2";
			};
			name = Debug;
		};
		1F8CF571237C6CCD006557F1 /* Release */ = {
			isa = XCBuildConfiguration;
			buildSettings = {
				ASSETCATALOG_COMPILER_APPICON_NAME = AppIcon;
				CODE_SIGN_STYLE = Automatic;
				DEVELOPMENT_ASSET_PATHS = "\"DarkMode/Preview Content\"";
				DEVELOPMENT_TEAM = WGHW255BW8;
				ENABLE_PREVIEWS = YES;
				INFOPLIST_FILE = DarkMode/Info.plist;
				LD_RUNPATH_SEARCH_PATHS = (
					"$(inherited)",
					"@executable_path/Frameworks",
				);
				PRODUCT_BUNDLE_IDENTIFIER = com.korgy.DarkMode;
				PRODUCT_NAME = "$(TARGET_NAME)";
				SWIFT_VERSION = 5.0;
				TARGETED_DEVICE_FAMILY = "1,2";
			};
			name = Release;
		};
/* End XCBuildConfiguration section */

/* Begin XCConfigurationList section */
		1F8CF556237C6CCA006557F1 /* Build configuration list for PBXProject "DarkMode" */ = {
			isa = XCConfigurationList;
			buildConfigurations = (
				1F8CF56D237C6CCD006557F1 /* Debug */,
				1F8CF56E237C6CCD006557F1 /* Release */,
			);
			defaultConfigurationIsVisible = 0;
			defaultConfigurationName = Release;
		};
		1F8CF56F237C6CCD006557F1 /* Build configuration list for PBXNativeTarget "DarkMode" */ = {
			isa = XCConfigurationList;
			buildConfigurations = (
				1F8CF570237C6CCD006557F1 /* Debug */,
				1F8CF571237C6CCD006557F1 /* Release */,
			);
			defaultConfigurationIsVisible = 0;
			defaultConfigurationName = Release;
		};
/* End XCConfigurationList section */
	};
	rootObject = 1F8CF553237C6CCA006557F1 /* Project object */;
}
